
Microsoft Visual Studio Solution File, Format Version 12.00
# Visual Studio Version 16
VisualStudioVersion = 16.0.30907.101
MinimumVisualStudioVersion = 10.0.40219.1
Project("{9A19103F-16F7-4668-BE54-9A1E7A4F7556}") = "KalendarScopic.Web", "KalendarScopic.Web\KalendarScopic.Web.csproj", "{61B3F3CC-FEDE-4D24-B58E-5427BB2DF424}"
EndProject
Project("{9A19103F-16F7-4668-BE54-9A1E7A4F7556}") = "KalendarScopic.Web.Models", "KalendarScopic.Web.Models\KalendarScopic.Web.Models.csproj", "{FA318280-8379-4CC9-BDB5-F46101D51124}"
EndProject
Project("{FAE04EC0-301F-11D3-BF4B-00C04F79EFBC}") = "KalendarScopic.Web.DAL", "KalendarScopic.Web.DAL\KalendarScopic.Web.DAL.csproj", "{25433CE0-BC40-4856-B26F-7C7096F46397}"
EndProject
Project("{FAE04EC0-301F-11D3-BF4B-00C04F79EFBC}") = "KalendarScopic.Web.BLL", "KalendarScopic.Web.BLL\KalendarScopic.Web.BLL.csproj", "{4BBC1F56-283F-410D-A069-05D4BC684148}"
EndProject
Global
	GlobalSection(SolutionConfigurationPlatforms) = preSolution
		Debug|Any CPU = Debug|Any CPU
		Release|Any CPU = Release|Any CPU
	EndGlobalSection
	GlobalSection(ProjectConfigurationPlatforms) = postSolution
		{61B3F3CC-FEDE-4D24-B58E-5427BB2DF424}.Debug|Any CPU.ActiveCfg = Debug|Any CPU
		{61B3F3CC-FEDE-4D24-B58E-5427BB2DF424}.Debug|Any CPU.Build.0 = Debug|Any CPU
		{61B3F3CC-FEDE-4D24-B58E-5427BB2DF424}.Release|Any CPU.ActiveCfg = Release|Any CPU
		{61B3F3CC-FEDE-4D24-B58E-5427BB2DF424}.Release|Any CPU.Build.0 = Release|Any CPU
		{FA318280-8379-4CC9-BDB5-F46101D51124}.Debug|Any CPU.ActiveCfg = Debug|Any CPU
		{FA318280-8379-4CC9-BDB5-F46101D51124}.Debug|Any CPU.Build.0 = Debug|Any CPU
		{FA318280-8379-4CC9-BDB5-F46101D51124}.Release|Any CPU.ActiveCfg = Release|Any CPU
		{FA318280-8379-4CC9-BDB5-F46101D51124}.Release|Any CPU.Build.0 = Release|Any CPU
		{25433CE0-BC40-4856-B26F-7C7096F46397}.Debug|Any CPU.ActiveCfg = Debug|Any CPU
		{25433CE0-BC40-4856-B26F-7C7096F46397}.Debug|Any CPU.Build.0 = Debug|Any CPU
		{25433CE0-BC40-4856-B26F-7C7096F46397}.Release|Any CPU.ActiveCfg = Release|Any CPU
		{25433CE0-BC40-4856-B26F-7C7096F46397}.Release|Any CPU.Build.0 = Release|Any CPU
		{4BBC1F56-283F-410D-A069-05D4BC684148}.Debug|Any CPU.ActiveCfg = Debug|Any CPU
		{4BBC1F56-283F-410D-A069-05D4BC684148}.Debug|Any CPU.Build.0 = Debug|Any CPU
		{4BBC1F56-283F-410D-A069-05D4BC684148}.Release|Any CPU.ActiveCfg = Release|Any CPU
		{4BBC1F56-283F-410D-A069-05D4BC684148}.Release|Any CPU.Build.0 = Release|Any CPU
	EndGlobalSection
	GlobalSection(SolutionProperties) = preSolution
		HideSolutionNode = FALSE
	EndGlobalSection
	GlobalSection(ExtensibilityGlobals) = postSolution
		SolutionGuid = {2D632976-E248-4C67-B071-8FF8ECB96A0F}
	EndGlobalSection
EndGlobal
